// !$*UTF8*$!
{
	archiveVersion = 1;
	classes = {
	};
	objectVersion = 77;
	objects = {

/* Begin PBXBuildFile section */
		F6444CD22CD74CFA00EE4FD7 /* Alamofire in Frameworks */ = {isa = PBXBuildFile; productRef = F6444CD12CD74CFA00EE4FD7 /* Alamofire */; };
		F6444CEB2CD7686400EE4FD7 /* AlamofireImage in Frameworks */ = {isa = PBXBuildFile; productRef = F6444CEA2CD7686400EE4FD7 /* AlamofireImage */; };
		F6DAEA842CDF3BFB0022FA6A /* Localizable.xcstrings in Resources */ = {isa = PBXBuildFile; fileRef = F6DAEA832CDF3BFB0022FA6A /* Localizable.xcstrings */; };
		F6DAEA912CDF4CDF0022FA6A /* Starscream in Frameworks */ = {isa = PBXBuildFile; productRef = F6DAEA902CDF4CDF0022FA6A /* Starscream */; };
		F6DAEA942CDF4CF20022FA6A /* Collections in Frameworks */ = {isa = PBXBuildFile; productRef = F6DAEA932CDF4CF20022FA6A /* Collections */; };
		F6E5E53E2CEFEE6E000A6013 /* genbuildinfo.pl in Resources */ = {isa = PBXBuildFile; fileRef = F6E5E53D2CEFEE45000A6013 /* genbuildinfo.pl */; };
		F6E5E5402CEFEE82000A6013 /* BuildInfoBase.swift in Sources */ = {isa = PBXBuildFile; fileRef = F6E5E53F2CEFEE7F000A6013 /* BuildInfoBase.swift */; };
		F6E5E5452CEFF45E000A6013 /* BuildInfo.swift in Sources */ = {isa = PBXBuildFile; fileRef = F6E5E5442CEFF45E000A6013 /* BuildInfo.swift */; };
/* End PBXBuildFile section */

/* Begin PBXContainerItemProxy section */
		F6F892F82CD6388300182F17 /* PBXContainerItemProxy */ = {
			isa = PBXContainerItemProxy;
			containerPortal = F6F892DE2CD6388100182F17 /* Project object */;
			proxyType = 1;
			remoteGlobalIDString = F6F892E52CD6388100182F17;
			remoteInfo = reazure;
		};
		F6F893022CD6388300182F17 /* PBXContainerItemProxy */ = {
			isa = PBXContainerItemProxy;
			containerPortal = F6F892DE2CD6388100182F17 /* Project object */;
			proxyType = 1;
			remoteGlobalIDString = F6F892E52CD6388100182F17;
			remoteInfo = reazure;
		};
/* End PBXContainerItemProxy section */

/* Begin PBXFileReference section */
		F6CD862D2CF348A0003B7173 /* README.md */ = {isa = PBXFileReference; explicitFileType = text; path = README.md; sourceTree = "<group>"; };
		F6CD86392CF351E1003B7173 /* LICENSE */ = {isa = PBXFileReference; lastKnownFileType = text; path = LICENSE; sourceTree = "<group>"; };
		F6DAEA832CDF3BFB0022FA6A /* Localizable.xcstrings */ = {isa = PBXFileReference; lastKnownFileType = text.json.xcstrings; name = Localizable.xcstrings; path = reazure/Localizable.xcstrings; sourceTree = "<group>"; };
		F6E5E53D2CEFEE45000A6013 /* genbuildinfo.pl */ = {isa = PBXFileReference; lastKnownFileType = text.script.perl; path = genbuildinfo.pl; sourceTree = "<group>"; };
		F6E5E53F2CEFEE7F000A6013 /* BuildInfoBase.swift */ = {isa = PBXFileReference; lastKnownFileType = sourcecode.swift; path = BuildInfoBase.swift; sourceTree = "<group>"; };
		F6E5E5442CEFF45E000A6013 /* BuildInfo.swift */ = {isa = PBXFileReference; lastKnownFileType = sourcecode.swift; path = BuildInfo.swift; sourceTree = "<group>"; };
		F6F892E62CD6388100182F17 /* reazure.app */ = {isa = PBXFileReference; explicitFileType = wrapper.application; includeInIndex = 0; path = reazure.app; sourceTree = BUILT_PRODUCTS_DIR; };
		F6F892F72CD6388300182F17 /* reazureTests.xctest */ = {isa = PBXFileReference; explicitFileType = wrapper.cfbundle; includeInIndex = 0; path = reazureTests.xctest; sourceTree = BUILT_PRODUCTS_DIR; };
		F6F893012CD6388300182F17 /* reazureUITests.xctest */ = {isa = PBXFileReference; explicitFileType = wrapper.cfbundle; includeInIndex = 0; path = reazureUITests.xctest; sourceTree = BUILT_PRODUCTS_DIR; };
/* End PBXFileReference section */

/* Begin PBXFileSystemSynchronizedRootGroup section */
		F6F892E82CD6388100182F17 /* reazure */ = {
			isa = PBXFileSystemSynchronizedRootGroup;
			path = reazure;
			sourceTree = "<group>";
		};
		F6F892FA2CD6388300182F17 /* reazureTests */ = {
			isa = PBXFileSystemSynchronizedRootGroup;
			path = reazureTests;
			sourceTree = "<group>";
		};
		F6F893042CD6388300182F17 /* reazureUITests */ = {
			isa = PBXFileSystemSynchronizedRootGroup;
			path = reazureUITests;
			sourceTree = "<group>";
		};
/* End PBXFileSystemSynchronizedRootGroup section */

/* Begin PBXFrameworksBuildPhase section */
		F6F892E32CD6388100182F17 /* Frameworks */ = {
			isa = PBXFrameworksBuildPhase;
			buildActionMask = 2147483647;
			files = (
				F6444CD22CD74CFA00EE4FD7 /* Alamofire in Frameworks */,
				F6444CEB2CD7686400EE4FD7 /* AlamofireImage in Frameworks */,
				F6DAEA942CDF4CF20022FA6A /* Collections in Frameworks */,
				F6DAEA912CDF4CDF0022FA6A /* Starscream in Frameworks */,
			);
			runOnlyForDeploymentPostprocessing = 0;
		};
		F6F892F42CD6388300182F17 /* Frameworks */ = {
			isa = PBXFrameworksBuildPhase;
			buildActionMask = 2147483647;
			files = (
			);
			runOnlyForDeploymentPostprocessing = 0;
		};
		F6F892FE2CD6388300182F17 /* Frameworks */ = {
			isa = PBXFrameworksBuildPhase;
			buildActionMask = 2147483647;
			files = (
			);
			runOnlyForDeploymentPostprocessing = 0;
		};
/* End PBXFrameworksBuildPhase section */

/* Begin PBXGroup section */
		F6F892DD2CD6388100182F17 = {
			isa = PBXGroup;
			children = (
				F6CD862D2CF348A0003B7173 /* README.md */,
				F6CD86392CF351E1003B7173 /* LICENSE */,
				F6E5E5442CEFF45E000A6013 /* BuildInfo.swift */,
				F6E5E53F2CEFEE7F000A6013 /* BuildInfoBase.swift */,
				F6E5E53D2CEFEE45000A6013 /* genbuildinfo.pl */,
				F6DAEA832CDF3BFB0022FA6A /* Localizable.xcstrings */,
				F6F892E82CD6388100182F17 /* reazure */,
				F6F892FA2CD6388300182F17 /* reazureTests */,
				F6F893042CD6388300182F17 /* reazureUITests */,
				F6F892E72CD6388100182F17 /* Products */,
			);
			sourceTree = "<group>";
		};
		F6F892E72CD6388100182F17 /* Products */ = {
			isa = PBXGroup;
			children = (
				F6F892E62CD6388100182F17 /* reazure.app */,
				F6F892F72CD6388300182F17 /* reazureTests.xctest */,
				F6F893012CD6388300182F17 /* reazureUITests.xctest */,
			);
			name = Products;
			sourceTree = "<group>";
		};
/* End PBXGroup section */

/* Begin PBXNativeTarget section */
		F6F892E52CD6388100182F17 /* reazure */ = {
			isa = PBXNativeTarget;
			buildConfigurationList = F6F8930B2CD6388300182F17 /* Build configuration list for PBXNativeTarget "reazure" */;
			buildPhases = (
				F6E5E5432CEFF285000A6013 /* ShellScript */,
				F6F892E22CD6388100182F17 /* Sources */,
				F6F892E32CD6388100182F17 /* Frameworks */,
				F6F892E42CD6388100182F17 /* Resources */,
			);
			buildRules = (
			);
			dependencies = (
			);
			fileSystemSynchronizedGroups = (
				F6F892E82CD6388100182F17 /* reazure */,
			);
			name = reazure;
			packageProductDependencies = (
				F6444CD12CD74CFA00EE4FD7 /* Alamofire */,
				F6444CEA2CD7686400EE4FD7 /* AlamofireImage */,
				F6DAEA902CDF4CDF0022FA6A /* Starscream */,
				F6DAEA932CDF4CF20022FA6A /* Collections */,
			);
			productName = reazure;
			productReference = F6F892E62CD6388100182F17 /* reazure.app */;
			productType = "com.apple.product-type.application";
		};
		F6F892F62CD6388300182F17 /* reazureTests */ = {
			isa = PBXNativeTarget;
			buildConfigurationList = F6F8930E2CD6388300182F17 /* Build configuration list for PBXNativeTarget "reazureTests" */;
			buildPhases = (
				F6F892F32CD6388300182F17 /* Sources */,
				F6F892F42CD6388300182F17 /* Frameworks */,
				F6F892F52CD6388300182F17 /* Resources */,
			);
			buildRules = (
			);
			dependencies = (
				F6F892F92CD6388300182F17 /* PBXTargetDependency */,
			);
			fileSystemSynchronizedGroups = (
				F6F892FA2CD6388300182F17 /* reazureTests */,
			);
			name = reazureTests;
			packageProductDependencies = (
			);
			productName = reazureTests;
			productReference = F6F892F72CD6388300182F17 /* reazureTests.xctest */;
			productType = "com.apple.product-type.bundle.unit-test";
		};
		F6F893002CD6388300182F17 /* reazureUITests */ = {
			isa = PBXNativeTarget;
			buildConfigurationList = F6F893112CD6388300182F17 /* Build configuration list for PBXNativeTarget "reazureUITests" */;
			buildPhases = (
				F6F892FD2CD6388300182F17 /* Sources */,
				F6F892FE2CD6388300182F17 /* Frameworks */,
				F6F892FF2CD6388300182F17 /* Resources */,
			);
			buildRules = (
			);
			dependencies = (
				F6F893032CD6388300182F17 /* PBXTargetDependency */,
			);
			fileSystemSynchronizedGroups = (
				F6F893042CD6388300182F17 /* reazureUITests */,
			);
			name = reazureUITests;
			packageProductDependencies = (
			);
			productName = reazureUITests;
			productReference = F6F893012CD6388300182F17 /* reazureUITests.xctest */;
			productType = "com.apple.product-type.bundle.ui-testing";
		};
/* End PBXNativeTarget section */

/* Begin PBXProject section */
		F6F892DE2CD6388100182F17 /* Project object */ = {
			isa = PBXProject;
			attributes = {
				BuildIndependentTargetsInParallel = 1;
				LastSwiftUpdateCheck = 1610;
				LastUpgradeCheck = 1610;
				TargetAttributes = {
					F6F892E52CD6388100182F17 = {
						CreatedOnToolsVersion = 16.1;
					};
					F6F892F62CD6388300182F17 = {
						CreatedOnToolsVersion = 16.1;
						TestTargetID = F6F892E52CD6388100182F17;
					};
					F6F893002CD6388300182F17 = {
						CreatedOnToolsVersion = 16.1;
						TestTargetID = F6F892E52CD6388100182F17;
					};
				};
			};
			buildConfigurationList = F6F892E12CD6388100182F17 /* Build configuration list for PBXProject "reazure" */;
			developmentRegion = ko;
			hasScannedForEncodings = 0;
			knownRegions = (
				en,
				Base,
				ko,
				ja,
			);
			mainGroup = F6F892DD2CD6388100182F17;
			minimizedProjectReferenceProxies = 1;
			packageReferences = (
				F6444CD02CD74CFA00EE4FD7 /* XCRemoteSwiftPackageReference "Alamofire" */,
				F6444CE92CD7686400EE4FD7 /* XCRemoteSwiftPackageReference "AlamofireImage" */,
				F6DAEA8F2CDF4CDF0022FA6A /* XCRemoteSwiftPackageReference "Starscream" */,
				F6DAEA922CDF4CF20022FA6A /* XCRemoteSwiftPackageReference "swift-collections" */,
			);
			preferredProjectObjectVersion = 77;
			productRefGroup = F6F892E72CD6388100182F17 /* Products */;
			projectDirPath = "";
			projectRoot = "";
			targets = (
				F6F892E52CD6388100182F17 /* reazure */,
				F6F892F62CD6388300182F17 /* reazureTests */,
				F6F893002CD6388300182F17 /* reazureUITests */,
			);
		};
/* End PBXProject section */

/* Begin PBXResourcesBuildPhase section */
		F6F892E42CD6388100182F17 /* Resources */ = {
			isa = PBXResourcesBuildPhase;
			buildActionMask = 2147483647;
			files = (
				F6DAEA842CDF3BFB0022FA6A /* Localizable.xcstrings in Resources */,
				F6E5E53E2CEFEE6E000A6013 /* genbuildinfo.pl in Resources */,
			);
			runOnlyForDeploymentPostprocessing = 0;
		};
		F6F892F52CD6388300182F17 /* Resources */ = {
			isa = PBXResourcesBuildPhase;
			buildActionMask = 2147483647;
			files = (
			);
			runOnlyForDeploymentPostprocessing = 0;
		};
		F6F892FF2CD6388300182F17 /* Resources */ = {
			isa = PBXResourcesBuildPhase;
			buildActionMask = 2147483647;
			files = (
			);
			runOnlyForDeploymentPostprocessing = 0;
		};
/* End PBXResourcesBuildPhase section */

/* Begin PBXShellScriptBuildPhase section */
		F6E5E5432CEFF285000A6013 /* ShellScript */ = {
			isa = PBXShellScriptBuildPhase;
			alwaysOutOfDate = 1;
			buildActionMask = 2147483647;
			files = (
			);
			inputFileListPaths = (
			);
			inputPaths = (
			);
			outputFileListPaths = (
			);
			outputPaths = (
				"$(SRCROOT)/BuildInfo.swift",
			);
			runOnlyForDeploymentPostprocessing = 0;
			shellPath = /bin/sh;
			shellScript = "# Type a script or drag a script file from your workspace to insert its path.\n\ncd $SRCROOT\nperl $SRCROOT/genbuildinfo.pl\n";
		};
/* End PBXShellScriptBuildPhase section */

/* Begin PBXSourcesBuildPhase section */
		F6F892E22CD6388100182F17 /* Sources */ = {
			isa = PBXSourcesBuildPhase;
			buildActionMask = 2147483647;
			files = (
				F6E5E5452CEFF45E000A6013 /* BuildInfo.swift in Sources */,
				F6E5E5402CEFEE82000A6013 /* BuildInfoBase.swift in Sources */,
			);
			runOnlyForDeploymentPostprocessing = 0;
		};
		F6F892F32CD6388300182F17 /* Sources */ = {
			isa = PBXSourcesBuildPhase;
			buildActionMask = 2147483647;
			files = (
			);
			runOnlyForDeploymentPostprocessing = 0;
		};
		F6F892FD2CD6388300182F17 /* Sources */ = {
			isa = PBXSourcesBuildPhase;
			buildActionMask = 2147483647;
			files = (
			);
			runOnlyForDeploymentPostprocessing = 0;
		};
/* End PBXSourcesBuildPhase section */

/* Begin PBXTargetDependency section */
		F6F892F92CD6388300182F17 /* PBXTargetDependency */ = {
			isa = PBXTargetDependency;
			target = F6F892E52CD6388100182F17 /* reazure */;
			targetProxy = F6F892F82CD6388300182F17 /* PBXContainerItemProxy */;
		};
		F6F893032CD6388300182F17 /* PBXTargetDependency */ = {
			isa = PBXTargetDependency;
			target = F6F892E52CD6388100182F17 /* reazure */;
			targetProxy = F6F893022CD6388300182F17 /* PBXContainerItemProxy */;
		};
/* End PBXTargetDependency section */

/* Begin XCBuildConfiguration section */
		F6F893092CD6388300182F17 /* Debug */ = {
			isa = XCBuildConfiguration;
			buildSettings = {
				ALWAYS_SEARCH_USER_PATHS = NO;
				ASSETCATALOG_COMPILER_GENERATE_SWIFT_ASSET_SYMBOL_EXTENSIONS = YES;
				CLANG_ANALYZER_NONNULL = YES;
				CLANG_ANALYZER_NUMBER_OBJECT_CONVERSION = YES_AGGRESSIVE;
				CLANG_CXX_LANGUAGE_STANDARD = "gnu++20";
				CLANG_ENABLE_MODULES = YES;
				CLANG_ENABLE_OBJC_ARC = YES;
				CLANG_ENABLE_OBJC_WEAK = YES;
				CLANG_WARN_BLOCK_CAPTURE_AUTORELEASING = YES;
				CLANG_WARN_BOOL_CONVERSION = YES;
				CLANG_WARN_COMMA = YES;
				CLANG_WARN_CONSTANT_CONVERSION = YES;
				CLANG_WARN_DEPRECATED_OBJC_IMPLEMENTATIONS = YES;
				CLANG_WARN_DIRECT_OBJC_ISA_USAGE = YES_ERROR;
				CLANG_WARN_DOCUMENTATION_COMMENTS = YES;
				CLANG_WARN_EMPTY_BODY = YES;
				CLANG_WARN_ENUM_CONVERSION = YES;
				CLANG_WARN_INFINITE_RECURSION = YES;
				CLANG_WARN_INT_CONVERSION = YES;
				CLANG_WARN_NON_LITERAL_NULL_CONVERSION = YES;
				CLANG_WARN_OBJC_IMPLICIT_RETAIN_SELF = YES;
				CLANG_WARN_OBJC_LITERAL_CONVERSION = YES;
				CLANG_WARN_OBJC_ROOT_CLASS = YES_ERROR;
				CLANG_WARN_QUOTED_INCLUDE_IN_FRAMEWORK_HEADER = YES;
				CLANG_WARN_RANGE_LOOP_ANALYSIS = YES;
				CLANG_WARN_STRICT_PROTOTYPES = YES;
				CLANG_WARN_SUSPICIOUS_MOVE = YES;
				CLANG_WARN_UNGUARDED_AVAILABILITY = YES_AGGRESSIVE;
				CLANG_WARN_UNREACHABLE_CODE = YES;
				CLANG_WARN__DUPLICATE_METHOD_MATCH = YES;
				COPY_PHASE_STRIP = NO;
				DEBUG_INFORMATION_FORMAT = dwarf;
				ENABLE_STRICT_OBJC_MSGSEND = YES;
				ENABLE_TESTABILITY = YES;
				ENABLE_USER_SCRIPT_SANDBOXING = YES;
				GCC_C_LANGUAGE_STANDARD = gnu17;
				GCC_DYNAMIC_NO_PIC = NO;
				GCC_NO_COMMON_BLOCKS = YES;
				GCC_OPTIMIZATION_LEVEL = 0;
				GCC_PREPROCESSOR_DEFINITIONS = (
					"DEBUG=1",
					"$(inherited)",
				);
				GCC_WARN_64_TO_32_BIT_CONVERSION = YES;
				GCC_WARN_ABOUT_RETURN_TYPE = YES_ERROR;
				GCC_WARN_UNDECLARED_SELECTOR = YES;
				GCC_WARN_UNINITIALIZED_AUTOS = YES_AGGRESSIVE;
				GCC_WARN_UNUSED_FUNCTION = YES;
				GCC_WARN_UNUSED_VARIABLE = YES;
				LOCALIZATION_PREFERS_STRING_CATALOGS = YES;
				MTL_ENABLE_DEBUG_INFO = INCLUDE_SOURCE;
				MTL_FAST_MATH = YES;
				ONLY_ACTIVE_ARCH = YES;
				SWIFT_ACTIVE_COMPILATION_CONDITIONS = "DEBUG $(inherited)";
				SWIFT_EMIT_LOC_STRINGS = YES;
				SWIFT_OPTIMIZATION_LEVEL = "-Onone";
			};
			name = Debug;
		};
		F6F8930A2CD6388300182F17 /* Release */ = {
			isa = XCBuildConfiguration;
			buildSettings = {
				ALWAYS_SEARCH_USER_PATHS = NO;
				ASSETCATALOG_COMPILER_GENERATE_SWIFT_ASSET_SYMBOL_EXTENSIONS = YES;
				CLANG_ANALYZER_NONNULL = YES;
				CLANG_ANALYZER_NUMBER_OBJECT_CONVERSION = YES_AGGRESSIVE;
				CLANG_CXX_LANGUAGE_STANDARD = "gnu++20";
				CLANG_ENABLE_MODULES = YES;
				CLANG_ENABLE_OBJC_ARC = YES;
				CLANG_ENABLE_OBJC_WEAK = YES;
				CLANG_WARN_BLOCK_CAPTURE_AUTORELEASING = YES;
				CLANG_WARN_BOOL_CONVERSION = YES;
				CLANG_WARN_COMMA = YES;
				CLANG_WARN_CONSTANT_CONVERSION = YES;
				CLANG_WARN_DEPRECATED_OBJC_IMPLEMENTATIONS = YES;
				CLANG_WARN_DIRECT_OBJC_ISA_USAGE = YES_ERROR;
				CLANG_WARN_DOCUMENTATION_COMMENTS = YES;
				CLANG_WARN_EMPTY_BODY = YES;
				CLANG_WARN_ENUM_CONVERSION = YES;
				CLANG_WARN_INFINITE_RECURSION = YES;
				CLANG_WARN_INT_CONVERSION = YES;
				CLANG_WARN_NON_LITERAL_NULL_CONVERSION = YES;
				CLANG_WARN_OBJC_IMPLICIT_RETAIN_SELF = YES;
				CLANG_WARN_OBJC_LITERAL_CONVERSION = YES;
				CLANG_WARN_OBJC_ROOT_CLASS = YES_ERROR;
				CLANG_WARN_QUOTED_INCLUDE_IN_FRAMEWORK_HEADER = YES;
				CLANG_WARN_RANGE_LOOP_ANALYSIS = YES;
				CLANG_WARN_STRICT_PROTOTYPES = YES;
				CLANG_WARN_SUSPICIOUS_MOVE = YES;
				CLANG_WARN_UNGUARDED_AVAILABILITY = YES_AGGRESSIVE;
				CLANG_WARN_UNREACHABLE_CODE = YES;
				CLANG_WARN__DUPLICATE_METHOD_MATCH = YES;
				COPY_PHASE_STRIP = NO;
				DEBUG_INFORMATION_FORMAT = "dwarf-with-dsym";
				ENABLE_NS_ASSERTIONS = NO;
				ENABLE_STRICT_OBJC_MSGSEND = YES;
				ENABLE_USER_SCRIPT_SANDBOXING = YES;
				GCC_C_LANGUAGE_STANDARD = gnu17;
				GCC_NO_COMMON_BLOCKS = YES;
				GCC_WARN_64_TO_32_BIT_CONVERSION = YES;
				GCC_WARN_ABOUT_RETURN_TYPE = YES_ERROR;
				GCC_WARN_UNDECLARED_SELECTOR = YES;
				GCC_WARN_UNINITIALIZED_AUTOS = YES_AGGRESSIVE;
				GCC_WARN_UNUSED_FUNCTION = YES;
				GCC_WARN_UNUSED_VARIABLE = YES;
				LOCALIZATION_PREFERS_STRING_CATALOGS = YES;
				MTL_ENABLE_DEBUG_INFO = NO;
				MTL_FAST_MATH = YES;
				SWIFT_COMPILATION_MODE = wholemodule;
				SWIFT_EMIT_LOC_STRINGS = YES;
			};
			name = Release;
		};
		F6F8930C2CD6388300182F17 /* Debug */ = {
			isa = XCBuildConfiguration;
			buildSettings = {
				ASSETCATALOG_COMPILER_APPICON_NAME = AppIcon;
				ASSETCATALOG_COMPILER_GLOBAL_ACCENT_COLOR_NAME = AccentColor;
				CODE_SIGN_ENTITLEMENTS = reazure/reazure.entitlements;
				CODE_SIGN_STYLE = Automatic;
				CURRENT_PROJECT_VERSION = 9;
				DEVELOPMENT_ASSET_PATHS = "\"reazure/Preview Content\"";
				DEVELOPMENT_TEAM = XHA76UVA95;
				ENABLE_HARDENED_RUNTIME = YES;
				ENABLE_PREVIEWS = YES;
				ENABLE_USER_SCRIPT_SANDBOXING = NO;
				GENERATE_INFOPLIST_FILE = YES;
				INFOPLIST_KEY_CFBundleDisplayName = "re;azure";
				INFOPLIST_KEY_LSApplicationCategoryType = "public.app-category.social-networking";
				"INFOPLIST_KEY_UIApplicationSceneManifest_Generation[sdk=iphoneos*]" = YES;
				"INFOPLIST_KEY_UIApplicationSceneManifest_Generation[sdk=iphonesimulator*]" = YES;
				"INFOPLIST_KEY_UIApplicationSupportsIndirectInputEvents[sdk=iphoneos*]" = YES;
				"INFOPLIST_KEY_UIApplicationSupportsIndirectInputEvents[sdk=iphonesimulator*]" = YES;
				"INFOPLIST_KEY_UILaunchScreen_Generation[sdk=iphoneos*]" = YES;
				"INFOPLIST_KEY_UILaunchScreen_Generation[sdk=iphonesimulator*]" = YES;
				"INFOPLIST_KEY_UIStatusBarStyle[sdk=iphoneos*]" = UIStatusBarStyleDefault;
				"INFOPLIST_KEY_UIStatusBarStyle[sdk=iphonesimulator*]" = UIStatusBarStyleDefault;
				INFOPLIST_KEY_UISupportedInterfaceOrientations = UIInterfaceOrientationPortrait;
				INFOPLIST_KEY_UISupportedInterfaceOrientations_iPad = "UIInterfaceOrientationLandscapeLeft UIInterfaceOrientationLandscapeRight UIInterfaceOrientationPortrait UIInterfaceOrientationPortraitUpsideDown";
				IPHONEOS_DEPLOYMENT_TARGET = 17.6;
				LD_RUNPATH_SEARCH_PATHS = "@executable_path/Frameworks";
				"LD_RUNPATH_SEARCH_PATHS[sdk=macosx*]" = "@executable_path/../Frameworks";
				MACOSX_DEPLOYMENT_TARGET = 15.1;
				MARKETING_VERSION = 1.0.3;
				PRODUCT_BUNDLE_IDENTIFIER = pl.unstabler.reazure;
				PRODUCT_NAME = "$(TARGET_NAME)";
				SDKROOT = auto;
				SUPPORTED_PLATFORMS = "iphoneos iphonesimulator";
				SUPPORTS_MACCATALYST = NO;
				SUPPORTS_MAC_DESIGNED_FOR_IPHONE_IPAD = YES;
				SWIFT_EMIT_LOC_STRINGS = YES;
				SWIFT_VERSION = 5.0;
				TARGETED_DEVICE_FAMILY = "1,2";
				XROS_DEPLOYMENT_TARGET = 2.1;
			};
			name = Debug;
		};
		F6F8930D2CD6388300182F17 /* Release */ = {
			isa = XCBuildConfiguration;
			buildSettings = {
				ASSETCATALOG_COMPILER_APPICON_NAME = AppIcon;
				ASSETCATALOG_COMPILER_GLOBAL_ACCENT_COLOR_NAME = AccentColor;
				CODE_SIGN_ENTITLEMENTS = reazure/reazure.entitlements;
				CODE_SIGN_STYLE = Automatic;
				CURRENT_PROJECT_VERSION = 9;
				DEVELOPMENT_ASSET_PATHS = "\"reazure/Preview Content\"";
				DEVELOPMENT_TEAM = XHA76UVA95;
				ENABLE_HARDENED_RUNTIME = YES;
				ENABLE_PREVIEWS = YES;
				ENABLE_USER_SCRIPT_SANDBOXING = NO;
				GENERATE_INFOPLIST_FILE = YES;
				INFOPLIST_KEY_CFBundleDisplayName = "re;azure";
				INFOPLIST_KEY_LSApplicationCategoryType = "public.app-category.social-networking";
				"INFOPLIST_KEY_UIApplicationSceneManifest_Generation[sdk=iphoneos*]" = YES;
				"INFOPLIST_KEY_UIApplicationSceneManifest_Generation[sdk=iphonesimulator*]" = YES;
				"INFOPLIST_KEY_UIApplicationSupportsIndirectInputEvents[sdk=iphoneos*]" = YES;
				"INFOPLIST_KEY_UIApplicationSupportsIndirectInputEvents[sdk=iphonesimulator*]" = YES;
				"INFOPLIST_KEY_UILaunchScreen_Generation[sdk=iphoneos*]" = YES;
				"INFOPLIST_KEY_UILaunchScreen_Generation[sdk=iphonesimulator*]" = YES;
				"INFOPLIST_KEY_UIStatusBarStyle[sdk=iphoneos*]" = UIStatusBarStyleDefault;
				"INFOPLIST_KEY_UIStatusBarStyle[sdk=iphonesimulator*]" = UIStatusBarStyleDefault;
				INFOPLIST_KEY_UISupportedInterfaceOrientations = UIInterfaceOrientationPortrait;
				INFOPLIST_KEY_UISupportedInterfaceOrientations_iPad = "UIInterfaceOrientationLandscapeLeft UIInterfaceOrientationLandscapeRight UIInterfaceOrientationPortrait UIInterfaceOrientationPortraitUpsideDown";
				IPHONEOS_DEPLOYMENT_TARGET = 17.6;
				LD_RUNPATH_SEARCH_PATHS = "@executable_path/Frameworks";
				"LD_RUNPATH_SEARCH_PATHS[sdk=macosx*]" = "@executable_path/../Frameworks";
				MACOSX_DEPLOYMENT_TARGET = 15.1;
				MARKETING_VERSION = 1.0.3;
				PRODUCT_BUNDLE_IDENTIFIER = pl.unstabler.reazure;
				PRODUCT_NAME = "$(TARGET_NAME)";
				SDKROOT = auto;
				SUPPORTED_PLATFORMS = "iphoneos iphonesimulator";
				SUPPORTS_MACCATALYST = NO;
				SUPPORTS_MAC_DESIGNED_FOR_IPHONE_IPAD = YES;
				SWIFT_EMIT_LOC_STRINGS = YES;
				SWIFT_VERSION = 5.0;
				TARGETED_DEVICE_FAMILY = "1,2";
				XROS_DEPLOYMENT_TARGET = 2.1;
			};
			name = Release;
		};
		F6F8930F2CD6388300182F17 /* Debug */ = {
			isa = XCBuildConfiguration;
			buildSettings = {
				BUNDLE_LOADER = "$(TEST_HOST)";
				CODE_SIGN_STYLE = Automatic;
				CURRENT_PROJECT_VERSION = 1;
				DEVELOPMENT_TEAM = XHA76UVA95;
				GENERATE_INFOPLIST_FILE = YES;
				IPHONEOS_DEPLOYMENT_TARGET = 18.1;
				MACOSX_DEPLOYMENT_TARGET = 15.1;
				MARKETING_VERSION = 1.0;
				PRODUCT_BUNDLE_IDENTIFIER = pl.unstabler.reazureTests;
				PRODUCT_NAME = "$(TARGET_NAME)";
				SDKROOT = auto;
				SUPPORTED_PLATFORMS = "iphoneos iphonesimulator macosx xros xrsimulator";
				SWIFT_EMIT_LOC_STRINGS = NO;
				SWIFT_VERSION = 5.0;
				TARGETED_DEVICE_FAMILY = "1,2,7";
				TEST_HOST = "$(BUILT_PRODUCTS_DIR)/reazure.app/$(BUNDLE_EXECUTABLE_FOLDER_PATH)/reazure";
				XROS_DEPLOYMENT_TARGET = 2.1;
			};
			name = Debug;
		};
		F6F893102CD6388300182F17 /* Release */ = {
			isa = XCBuildConfiguration;
			buildSettings = {
				BUNDLE_LOADER = "$(TEST_HOST)";
				CODE_SIGN_STYLE = Automatic;
				CURRENT_PROJECT_VERSION = 1;
				DEVELOPMENT_TEAM = XHA76UVA95;
				GENERATE_INFOPLIST_FILE = YES;
				IPHONEOS_DEPLOYMENT_TARGET = 18.1;
				MACOSX_DEPLOYMENT_TARGET = 15.1;
				MARKETING_VERSION = 1.0;
				PRODUCT_BUNDLE_IDENTIFIER = pl.unstabler.reazureTests;
				PRODUCT_NAME = "$(TARGET_NAME)";
				SDKROOT = auto;
				SUPPORTED_PLATFORMS = "iphoneos iphonesimulator macosx xros xrsimulator";
				SWIFT_EMIT_LOC_STRINGS = NO;
				SWIFT_VERSION = 5.0;
				TARGETED_DEVICE_FAMILY = "1,2,7";
				TEST_HOST = "$(BUILT_PRODUCTS_DIR)/reazure.app/$(BUNDLE_EXECUTABLE_FOLDER_PATH)/reazure";
				XROS_DEPLOYMENT_TARGET = 2.1;
			};
			name = Release;
		};
		F6F893122CD6388300182F17 /* Debug */ = {
			isa = XCBuildConfiguration;
			buildSettings = {
				CODE_SIGN_STYLE = Automatic;
				CURRENT_PROJECT_VERSION = 1;
				DEVELOPMENT_TEAM = XHA76UVA95;
				GENERATE_INFOPLIST_FILE = YES;
				IPHONEOS_DEPLOYMENT_TARGET = 18.1;
				MACOSX_DEPLOYMENT_TARGET = 15.1;
				MARKETING_VERSION = 1.0;
				PRODUCT_BUNDLE_IDENTIFIER = pl.unstabler.reazureUITests;
				PRODUCT_NAME = "$(TARGET_NAME)";
				SDKROOT = auto;
				SUPPORTED_PLATFORMS = "iphoneos iphonesimulator macosx xros xrsimulator";
				SWIFT_EMIT_LOC_STRINGS = NO;
				SWIFT_VERSION = 5.0;
				TARGETED_DEVICE_FAMILY = "1,2,7";
				TEST_TARGET_NAME = reazure;
				XROS_DEPLOYMENT_TARGET = 2.1;
			};
			name = Debug;
		};
		F6F893132CD6388300182F17 /* Release */ = {
			isa = XCBuildConfiguration;
			buildSettings = {
				CODE_SIGN_STYLE = Automatic;
				CURRENT_PROJECT_VERSION = 1;
				DEVELOPMENT_TEAM = XHA76UVA95;
				GENERATE_INFOPLIST_FILE = YES;
				IPHONEOS_DEPLOYMENT_TARGET = 18.1;
				MACOSX_DEPLOYMENT_TARGET = 15.1;
				MARKETING_VERSION = 1.0;
				PRODUCT_BUNDLE_IDENTIFIER = pl.unstabler.reazureUITests;
				PRODUCT_NAME = "$(TARGET_NAME)";
				SDKROOT = auto;
				SUPPORTED_PLATFORMS = "iphoneos iphonesimulator macosx xros xrsimulator";
				SWIFT_EMIT_LOC_STRINGS = NO;
				SWIFT_VERSION = 5.0;
				TARGETED_DEVICE_FAMILY = "1,2,7";
				TEST_TARGET_NAME = reazure;
				XROS_DEPLOYMENT_TARGET = 2.1;
			};
			name = Release;
		};
/* End XCBuildConfiguration section */

/* Begin XCConfigurationList section */
		F6F892E12CD6388100182F17 /* Build configuration list for PBXProject "reazure" */ = {
			isa = XCConfigurationList;
			buildConfigurations = (
				F6F893092CD6388300182F17 /* Debug */,
				F6F8930A2CD6388300182F17 /* Release */,
			);
			defaultConfigurationIsVisible = 0;
			defaultConfigurationName = Release;
		};
		F6F8930B2CD6388300182F17 /* Build configuration list for PBXNativeTarget "reazure" */ = {
			isa = XCConfigurationList;
			buildConfigurations = (
				F6F8930C2CD6388300182F17 /* Debug */,
				F6F8930D2CD6388300182F17 /* Release */,
			);
			defaultConfigurationIsVisible = 0;
			defaultConfigurationName = Release;
		};
		F6F8930E2CD6388300182F17 /* Build configuration list for PBXNativeTarget "reazureTests" */ = {
			isa = XCConfigurationList;
			buildConfigurations = (
				F6F8930F2CD6388300182F17 /* Debug */,
				F6F893102CD6388300182F17 /* Release */,
			);
			defaultConfigurationIsVisible = 0;
			defaultConfigurationName = Release;
		};
		F6F893112CD6388300182F17 /* Build configuration list for PBXNativeTarget "reazureUITests" */ = {
			isa = XCConfigurationList;
			buildConfigurations = (
				F6F893122CD6388300182F17 /* Debug */,
				F6F893132CD6388300182F17 /* Release */,
			);
			defaultConfigurationIsVisible = 0;
			defaultConfigurationName = Release;
		};
/* End XCConfigurationList section */

/* Begin XCRemoteSwiftPackageReference section */
		F6444CD02CD74CFA00EE4FD7 /* XCRemoteSwiftPackageReference "Alamofire" */ = {
			isa = XCRemoteSwiftPackageReference;
			repositoryURL = "https://github.com/Alamofire/Alamofire.git";
			requirement = {
				kind = upToNextMajorVersion;
				minimumVersion = 5.10.1;
			};
		};
		F6444CE92CD7686400EE4FD7 /* XCRemoteSwiftPackageReference "AlamofireImage" */ = {
			isa = XCRemoteSwiftPackageReference;
			repositoryURL = "https://github.com/Alamofire/AlamofireImage";
			requirement = {
				kind = upToNextMajorVersion;
				minimumVersion = 4.3.0;
			};
		};
		F6DAEA8F2CDF4CDF0022FA6A /* XCRemoteSwiftPackageReference "Starscream" */ = {
			isa = XCRemoteSwiftPackageReference;
			repositoryURL = "https://github.com/daltoniam/Starscream.git";
			requirement = {
				kind = upToNextMajorVersion;
				minimumVersion = 4.0.8;
			};
		};
		F6DAEA922CDF4CF20022FA6A /* XCRemoteSwiftPackageReference "swift-collections" */ = {
			isa = XCRemoteSwiftPackageReference;
			repositoryURL = "https://github.com/apple/swift-collections.git";
			requirement = {
				kind = upToNextMajorVersion;
				minimumVersion = 1.1.4;
			};
		};
/* End XCRemoteSwiftPackageReference section */

/* Begin XCSwiftPackageProductDependency section */
		F6444CD12CD74CFA00EE4FD7 /* Alamofire */ = {
			isa = XCSwiftPackageProductDependency;
			package = F6444CD02CD74CFA00EE4FD7 /* XCRemoteSwiftPackageReference "Alamofire" */;
			productName = Alamofire;
		};
		F6444CEA2CD7686400EE4FD7 /* AlamofireImage */ = {
			isa = XCSwiftPackageProductDependency;
			package = F6444CE92CD7686400EE4FD7 /* XCRemoteSwiftPackageReference "AlamofireImage" */;
			productName = AlamofireImage;
		};
		F6DAEA902CDF4CDF0022FA6A /* Starscream */ = {
			isa = XCSwiftPackageProductDependency;
			package = F6DAEA8F2CDF4CDF0022FA6A /* XCRemoteSwiftPackageReference "Starscream" */;
			productName = Starscream;
		};
		F6DAEA932CDF4CF20022FA6A /* Collections */ = {
			isa = XCSwiftPackageProductDependency;
			package = F6DAEA922CDF4CF20022FA6A /* XCRemoteSwiftPackageReference "swift-collections" */;
			productName = Collections;
		};
/* End XCSwiftPackageProductDependency section */
	};
	rootObject = F6F892DE2CD6388100182F17 /* Project object */;
}
