{
  "originHash" : "27172c78d1742ae4b6c1beba16481dc87afcab0a07fb0b872e28fb44075844d9",
  "pins" : [
    {
      "identity" : "alamofire",
      "kind" : "remoteSourceControl",
      "location" : "https://github.com/Alamofire/Alamofire.git",
      "state" : {
        "revision" : "e16d3481f5ed35f0472cb93350085853d754913f",
        "version" : "5.10.1"
      }
    },
    {
      "identity" : "alamofireimage",
      "kind" : "remoteSourceControl",
      "location" : "https://github.com/Alamofire/AlamofireImage",
      "state" : {
        "revision" : "1eaf3b6c6882bed10f6e7b119665599dd2329aa1",
        "version" : "4.3.0"
      }
    }
  ],
  "version" : 3
}
